{
  "name": "renthgars-encrypter",
  "lockfileVersion": 3,
  "requires": true,
  "packages": {
    "": {
      "dependencies": {
        "renthgars-rng": "^1.0.0"
      }
    },
    "node_modules/renthgars-rng": {
      "version": "1.0.0",
      "resolved": "https://registry.npmjs.org/renthgars-rng/-/renthgars-rng-1.0.0.tgz",
      "integrity": "sha512-59WfYtgvW/WRtMMlXVtUNNpEItNYSyI0Wto92gSQVAD4SQFsVTbQkr7YJ/6WV0yoBf85k9HSnFqiEdKXEtDVPA==",
      "license": "ISC"
    }
  }
}
